
Microsoft Visual Studio Solution File, Format Version 12.00
# Visual Studio Version 17
VisualStudioVersion = 17.1.32328.378
MinimumVisualStudioVersion = 10.0.40219.1
Project("{FAE04EC0-301F-11D3-BF4B-00C04F79EFBC}") = "Laboratorio_1", "Laboratorio_1\Laboratorio_1.csproj", "{68B3FC64-1CC8-4DDC-9D47-D2C41E34785B}"
EndProject
Global
	GlobalSection(SolutionConfigurationPlatforms) = preSolution
		Debug|Any CPU = Debug|Any CPU
		Release|Any CPU = Release|Any CPU
	EndGlobalSection
	GlobalSection(ProjectConfigurationPlatforms) = postSolution
		{68B3FC64-1CC8-4DDC-9D47-D2C41E34785B}.Debug|Any CPU.ActiveCfg = Debug|Any CPU
		{68B3FC64-1CC8-4DDC-9D47-D2C41E34785B}.Debug|Any CPU.Build.0 = Debug|Any CPU
		{68B3FC64-1CC8-4DDC-9D47-D2C41E34785B}.Release|Any CPU.ActiveCfg = Release|Any CPU
		{68B3FC64-1CC8-4DDC-9D47-D2C41E34785B}.Release|Any CPU.Build.0 = Release|Any CPU
	EndGlobalSection
	GlobalSection(SolutionProperties) = preSolution
		HideSolutionNode = FALSE
	EndGlobalSection
	GlobalSection(ExtensibilityGlobals) = postSolution
		SolutionGuid = {856093EF-AE02-4FAB-9F64-9C66DF8D5AFA}
	EndGlobalSection
EndGlobal
